
Microsoft Visual Studio Solution File, Format Version 12.00
# Visual Studio 14
VisualStudioVersion = 14.0.25123.0
MinimumVisualStudioVersion = 10.0.40219.1
Project("{FAE04EC0-301F-11D3-BF4B-00C04F79EFBC}") = "VeryImportantTests", "VeryImportantTests\VeryImportantTests.csproj", "{E08723AE-4C23-4FDD-9E21-0D2FC14A084B}"
EndProject
Global
	GlobalSection(SolutionConfigurationPlatforms) = preSolution
		Debug|Any CPU = Debug|Any CPU
		Release|Any CPU = Release|Any CPU
	EndGlobalSection
	GlobalSection(ProjectConfigurationPlatforms) = postSolution
		{E08723AE-4C23-4FDD-9E21-0D2FC14A084B}.Debug|Any CPU.ActiveCfg = Debug|Any CPU
		{E08723AE-4C23-4FDD-9E21-0D2FC14A084B}.Debug|Any CPU.Build.0 = Debug|Any CPU
		{E08723AE-4C23-4FDD-9E21-0D2FC14A084B}.Release|Any CPU.ActiveCfg = Release|Any CPU
		{E08723AE-4C23-4FDD-9E21-0D2FC14A084B}.Release|Any CPU.Build.0 = Release|Any CPU
	EndGlobalSection
	GlobalSection(SolutionProperties) = preSolution
		HideSolutionNode = FALSE
	EndGlobalSection
EndGlobal
